// !$*UTF8*$!
{
	archiveVersion = 1;
	classes = {
	};
	objectVersion = 56;
	objects = {

/* Begin PBXBuildFile section */
		410FD06D2CAD4C1800984C8C /* Constants.swift in Sources */ = {isa = PBXBuildFile; fileRef = 410FD06C2CAD4C1800984C8C /* Constants.swift */; };
		416255D82C9F05350042CCA6 /* ImagesListCell.swift in Sources */ = {isa = PBXBuildFile; fileRef = 416255D72C9F05350042CCA6 /* ImagesListCell.swift */; };
		416255DC2CA1D1750042CCA6 /* ProfileViewController.swift in Sources */ = {isa = PBXBuildFile; fileRef = 416255DB2CA1D1750042CCA6 /* ProfileViewController.swift */; };
		4180F4662CAE903E000CC29B /* Assets.xcassets in Resources */ = {isa = PBXBuildFile; fileRef = 4197AE9D2C9AEB2600C34410 /* Assets.xcassets */; };
		4197AE952C9AEB2400C34410 /* AppDelegate.swift in Sources */ = {isa = PBXBuildFile; fileRef = 4197AE942C9AEB2400C34410 /* AppDelegate.swift */; };
		4197AE972C9AEB2400C34410 /* SceneDelegate.swift in Sources */ = {isa = PBXBuildFile; fileRef = 4197AE962C9AEB2400C34410 /* SceneDelegate.swift */; };
		4197AE992C9AEB2400C34410 /* ImagesListViewController.swift in Sources */ = {isa = PBXBuildFile; fileRef = 4197AE982C9AEB2400C34410 /* ImagesListViewController.swift */; };
		4197AE9C2C9AEB2400C34410 /* Base in Resources */ = {isa = PBXBuildFile; fileRef = 4197AE9B2C9AEB2400C34410 /* Base */; };
		4197AEA12C9AEB2600C34410 /* Base in Resources */ = {isa = PBXBuildFile; fileRef = 4197AEA02C9AEB2600C34410 /* Base */; };
		41ABC4782CA4800A008F03F4 /* SingleImageViewController.swift in Sources */ = {isa = PBXBuildFile; fileRef = 41ABC4772CA4800A008F03F4 /* SingleImageViewController.swift */; };
		41B03E5C2CAE7ECA007EBEB4 /* AuthViewController.swift in Sources */ = {isa = PBXBuildFile; fileRef = 41B03E5B2CAE7ECA007EBEB4 /* AuthViewController.swift */; };
		41B03E5F2CAE8071007EBEB4 /* WebViewViewController.swift in Sources */ = {isa = PBXBuildFile; fileRef = 41B03E5E2CAE8071007EBEB4 /* WebViewViewController.swift */; };
		41B1027F2CB1648200B40706 /* OAuth2Service.swift in Sources */ = {isa = PBXBuildFile; fileRef = 41B1027E2CB1648200B40706 /* OAuth2Service.swift */; };
		41B102852CB16BE200B40706 /* URLSession+data.swift in Sources */ = {isa = PBXBuildFile; fileRef = 41B102842CB16BE200B40706 /* URLSession+data.swift */; };
		41B102882CB16DD500B40706 /* OAuthTokenResponseBody.swift in Sources */ = {isa = PBXBuildFile; fileRef = 41B102872CB16DD500B40706 /* OAuthTokenResponseBody.swift */; };
		41B1028A2CB16F4800B40706 /* OAuth2TokenStorage.swift in Sources */ = {isa = PBXBuildFile; fileRef = 41B102892CB16F4800B40706 /* OAuth2TokenStorage.swift */; };
		41B1028D2CB1723500B40706 /* SplashViewController.swift in Sources */ = {isa = PBXBuildFile; fileRef = 41B1028C2CB1723500B40706 /* SplashViewController.swift */; };
		41B102902CB4CE3000B40706 /* ProgressHUD in Frameworks */ = {isa = PBXBuildFile; productRef = 41B1028F2CB4CE3000B40706 /* ProgressHUD */; };
/* End PBXBuildFile section */

/* Begin PBXFileReference section */
		410FD06C2CAD4C1800984C8C /* Constants.swift */ = {isa = PBXFileReference; lastKnownFileType = sourcecode.swift; path = Constants.swift; sourceTree = "<group>"; };
		416255D72C9F05350042CCA6 /* ImagesListCell.swift */ = {isa = PBXFileReference; lastKnownFileType = sourcecode.swift; path = ImagesListCell.swift; sourceTree = "<group>"; };
		416255DB2CA1D1750042CCA6 /* ProfileViewController.swift */ = {isa = PBXFileReference; lastKnownFileType = sourcecode.swift; path = ProfileViewController.swift; sourceTree = "<group>"; };
		4197AE912C9AEB2400C34410 /* ImageFeed.app */ = {isa = PBXFileReference; explicitFileType = wrapper.application; includeInIndex = 0; path = ImageFeed.app; sourceTree = BUILT_PRODUCTS_DIR; };
		4197AE942C9AEB2400C34410 /* AppDelegate.swift */ = {isa = PBXFileReference; lastKnownFileType = sourcecode.swift; path = AppDelegate.swift; sourceTree = "<group>"; };
		4197AE962C9AEB2400C34410 /* SceneDelegate.swift */ = {isa = PBXFileReference; lastKnownFileType = sourcecode.swift; path = SceneDelegate.swift; sourceTree = "<group>"; };
		4197AE982C9AEB2400C34410 /* ImagesListViewController.swift */ = {isa = PBXFileReference; lastKnownFileType = sourcecode.swift; path = ImagesListViewController.swift; sourceTree = "<group>"; };
		4197AE9B2C9AEB2400C34410 /* Base */ = {isa = PBXFileReference; lastKnownFileType = file.storyboard; name = Base; path = Base.lproj/Main.storyboard; sourceTree = "<group>"; };
		4197AE9D2C9AEB2600C34410 /* Assets.xcassets */ = {isa = PBXFileReference; lastKnownFileType = folder.assetcatalog; path = Assets.xcassets; sourceTree = "<group>"; };
		4197AEA02C9AEB2600C34410 /* Base */ = {isa = PBXFileReference; lastKnownFileType = file.storyboard; name = Base; path = Base.lproj/LaunchScreen.storyboard; sourceTree = "<group>"; };
		4197AEA22C9AEB2600C34410 /* Info.plist */ = {isa = PBXFileReference; lastKnownFileType = text.plist.xml; path = Info.plist; sourceTree = "<group>"; };
		41ABC4772CA4800A008F03F4 /* SingleImageViewController.swift */ = {isa = PBXFileReference; lastKnownFileType = sourcecode.swift; path = SingleImageViewController.swift; sourceTree = "<group>"; };
		41B03E5B2CAE7ECA007EBEB4 /* AuthViewController.swift */ = {isa = PBXFileReference; lastKnownFileType = sourcecode.swift; path = AuthViewController.swift; sourceTree = "<group>"; };
		41B03E5E2CAE8071007EBEB4 /* WebViewViewController.swift */ = {isa = PBXFileReference; lastKnownFileType = sourcecode.swift; path = WebViewViewController.swift; sourceTree = "<group>"; };
		41B1027E2CB1648200B40706 /* OAuth2Service.swift */ = {isa = PBXFileReference; lastKnownFileType = sourcecode.swift; path = OAuth2Service.swift; sourceTree = "<group>"; };
		41B102842CB16BE200B40706 /* URLSession+data.swift */ = {isa = PBXFileReference; lastKnownFileType = sourcecode.swift; path = "URLSession+data.swift"; sourceTree = "<group>"; };
		41B102872CB16DD500B40706 /* OAuthTokenResponseBody.swift */ = {isa = PBXFileReference; lastKnownFileType = sourcecode.swift; path = OAuthTokenResponseBody.swift; sourceTree = "<group>"; };
		41B102892CB16F4800B40706 /* OAuth2TokenStorage.swift */ = {isa = PBXFileReference; lastKnownFileType = sourcecode.swift; path = OAuth2TokenStorage.swift; sourceTree = "<group>"; };
		41B1028C2CB1723500B40706 /* SplashViewController.swift */ = {isa = PBXFileReference; lastKnownFileType = sourcecode.swift; path = SplashViewController.swift; sourceTree = "<group>"; };
/* End PBXFileReference section */

/* Begin PBXFrameworksBuildPhase section */
		4197AE8E2C9AEB2400C34410 /* Frameworks */ = {
			isa = PBXFrameworksBuildPhase;
			buildActionMask = 2147483647;
			files = (
				41B102902CB4CE3000B40706 /* ProgressHUD in Frameworks */,
			);
			runOnlyForDeploymentPostprocessing = 0;
		};
/* End PBXFrameworksBuildPhase section */

/* Begin PBXGroup section */
		416255D92C9F05CB0042CCA6 /* ImagesList */ = {
			isa = PBXGroup;
			children = (
				416255D72C9F05350042CCA6 /* ImagesListCell.swift */,
				4197AE982C9AEB2400C34410 /* ImagesListViewController.swift */,
			);
			path = ImagesList;
			sourceTree = "<group>";
		};
		416255DA2CA1D16B0042CCA6 /* Profile */ = {
			isa = PBXGroup;
			children = (
				416255DB2CA1D1750042CCA6 /* ProfileViewController.swift */,
			);
			path = Profile;
			sourceTree = "<group>";
		};
		4197AE882C9AEB2400C34410 = {
			isa = PBXGroup;
			children = (
				4197AE932C9AEB2400C34410 /* ImageFeed */,
				4197AE922C9AEB2400C34410 /* Products */,
			);
			sourceTree = "<group>";
		};
		4197AE922C9AEB2400C34410 /* Products */ = {
			isa = PBXGroup;
			children = (
				4197AE912C9AEB2400C34410 /* ImageFeed.app */,
			);
			name = Products;
			sourceTree = "<group>";
		};
		4197AE932C9AEB2400C34410 /* ImageFeed */ = {
			isa = PBXGroup;
			children = (
				410FD06C2CAD4C1800984C8C /* Constants.swift */,
				4197AE942C9AEB2400C34410 /* AppDelegate.swift */,
				4197AE962C9AEB2400C34410 /* SceneDelegate.swift */,
				41B102862CB16DCD00B40706 /* Model */,
				41B03E5D2CAE7F47007EBEB4 /* Auth */,
				41ABC4762CA47FF7008F03F4 /* SingleImage */,
				416255DA2CA1D16B0042CCA6 /* Profile */,
				416255D92C9F05CB0042CCA6 /* ImagesList */,
				41B1028B2CB1722900B40706 /* Splash */,
				41B102832CB16BD200B40706 /* Extension */,
				4197AE9A2C9AEB2400C34410 /* Main.storyboard */,
				4197AE9D2C9AEB2600C34410 /* Assets.xcassets */,
				4197AE9F2C9AEB2600C34410 /* LaunchScreen.storyboard */,
				4197AEA22C9AEB2600C34410 /* Info.plist */,
			);
			path = ImageFeed;
			sourceTree = "<group>";
		};
		41ABC4762CA47FF7008F03F4 /* SingleImage */ = {
			isa = PBXGroup;
			children = (
				41ABC4772CA4800A008F03F4 /* SingleImageViewController.swift */,
			);
			path = SingleImage;
			sourceTree = "<group>";
		};
		41B03E5D2CAE7F47007EBEB4 /* Auth */ = {
			isa = PBXGroup;
			children = (
				41B1027E2CB1648200B40706 /* OAuth2Service.swift */,
				41B03E5B2CAE7ECA007EBEB4 /* AuthViewController.swift */,
				41B03E5E2CAE8071007EBEB4 /* WebViewViewController.swift */,
				41B102892CB16F4800B40706 /* OAuth2TokenStorage.swift */,
			);
			path = Auth;
			sourceTree = "<group>";
		};
		41B102832CB16BD200B40706 /* Extension */ = {
			isa = PBXGroup;
			children = (
				41B102842CB16BE200B40706 /* URLSession+data.swift */,
			);
			path = Extension;
			sourceTree = "<group>";
		};
		41B102862CB16DCD00B40706 /* Model */ = {
			isa = PBXGroup;
			children = (
				41B102872CB16DD500B40706 /* OAuthTokenResponseBody.swift */,
			);
			path = Model;
			sourceTree = "<group>";
		};
		41B1028B2CB1722900B40706 /* Splash */ = {
			isa = PBXGroup;
			children = (
				41B1028C2CB1723500B40706 /* SplashViewController.swift */,
			);
			path = Splash;
			sourceTree = "<group>";
		};
/* End PBXGroup section */

/* Begin PBXNativeTarget section */
		4197AE902C9AEB2400C34410 /* ImageFeed */ = {
			isa = PBXNativeTarget;
			buildConfigurationList = 4197AEA52C9AEB2600C34410 /* Build configuration list for PBXNativeTarget "ImageFeed" */;
			buildPhases = (
				4197AE8D2C9AEB2400C34410 /* Sources */,
				4197AE8E2C9AEB2400C34410 /* Frameworks */,
				4197AE8F2C9AEB2400C34410 /* Resources */,
			);
			buildRules = (
			);
			dependencies = (
			);
			name = ImageFeed;
			packageProductDependencies = (
				41B1028F2CB4CE3000B40706 /* ProgressHUD */,
			);
			productName = ImageFeed;
			productReference = 4197AE912C9AEB2400C34410 /* ImageFeed.app */;
			productType = "com.apple.product-type.application";
		};
/* End PBXNativeTarget section */

/* Begin PBXProject section */
		4197AE892C9AEB2400C34410 /* Project object */ = {
			isa = PBXProject;
			attributes = {
				BuildIndependentTargetsInParallel = 1;
				LastSwiftUpdateCheck = 1530;
				LastUpgradeCheck = 1530;
				TargetAttributes = {
					4197AE902C9AEB2400C34410 = {
						CreatedOnToolsVersion = 15.3;
					};
				};
			};
			buildConfigurationList = 4197AE8C2C9AEB2400C34410 /* Build configuration list for PBXProject "ImageFeed" */;
			compatibilityVersion = "Xcode 14.0";
			developmentRegion = en;
			hasScannedForEncodings = 0;
			knownRegions = (
				en,
				Base,
			);
			mainGroup = 4197AE882C9AEB2400C34410;
			packageReferences = (
				41B1028E2CB4CE2F00B40706 /* XCRemoteSwiftPackageReference "ProgressHUD" */,
			);
			productRefGroup = 4197AE922C9AEB2400C34410 /* Products */;
			projectDirPath = "";
			projectRoot = "";
			targets = (
				4197AE902C9AEB2400C34410 /* ImageFeed */,
			);
		};
/* End PBXProject section */

/* Begin PBXResourcesBuildPhase section */
		4197AE8F2C9AEB2400C34410 /* Resources */ = {
			isa = PBXResourcesBuildPhase;
			buildActionMask = 2147483647;
			files = (
				4180F4662CAE903E000CC29B /* Assets.xcassets in Resources */,
				4197AEA12C9AEB2600C34410 /* Base in Resources */,
				4197AE9C2C9AEB2400C34410 /* Base in Resources */,
			);
			runOnlyForDeploymentPostprocessing = 0;
		};
/* End PBXResourcesBuildPhase section */

/* Begin PBXSourcesBuildPhase section */
		4197AE8D2C9AEB2400C34410 /* Sources */ = {
			isa = PBXSourcesBuildPhase;
			buildActionMask = 2147483647;
			files = (
				4197AE992C9AEB2400C34410 /* ImagesListViewController.swift in Sources */,
				416255D82C9F05350042CCA6 /* ImagesListCell.swift in Sources */,
				41B102882CB16DD500B40706 /* OAuthTokenResponseBody.swift in Sources */,
				416255DC2CA1D1750042CCA6 /* ProfileViewController.swift in Sources */,
				4197AE952C9AEB2400C34410 /* AppDelegate.swift in Sources */,
				41B1028D2CB1723500B40706 /* SplashViewController.swift in Sources */,
				41B03E5C2CAE7ECA007EBEB4 /* AuthViewController.swift in Sources */,
				410FD06D2CAD4C1800984C8C /* Constants.swift in Sources */,
				4197AE972C9AEB2400C34410 /* SceneDelegate.swift in Sources */,
				41B102852CB16BE200B40706 /* URLSession+data.swift in Sources */,
				41B03E5F2CAE8071007EBEB4 /* WebViewViewController.swift in Sources */,
				41B1027F2CB1648200B40706 /* OAuth2Service.swift in Sources */,
				41B1028A2CB16F4800B40706 /* OAuth2TokenStorage.swift in Sources */,
				41ABC4782CA4800A008F03F4 /* SingleImageViewController.swift in Sources */,
			);
			runOnlyForDeploymentPostprocessing = 0;
		};
/* End PBXSourcesBuildPhase section */

/* Begin PBXVariantGroup section */
		4197AE9A2C9AEB2400C34410 /* Main.storyboard */ = {
			isa = PBXVariantGroup;
			children = (
				4197AE9B2C9AEB2400C34410 /* Base */,
			);
			name = Main.storyboard;
			sourceTree = "<group>";
			usesTabs = 0;
		};
		4197AE9F2C9AEB2600C34410 /* LaunchScreen.storyboard */ = {
			isa = PBXVariantGroup;
			children = (
				4197AEA02C9AEB2600C34410 /* Base */,
			);
			name = LaunchScreen.storyboard;
			sourceTree = "<group>";
		};
/* End PBXVariantGroup section */

/* Begin XCBuildConfiguration section */
		4197AEA32C9AEB2600C34410 /* Debug */ = {
			isa = XCBuildConfiguration;
			buildSettings = {
				ALWAYS_SEARCH_USER_PATHS = NO;
				ASSETCATALOG_COMPILER_GENERATE_SWIFT_ASSET_SYMBOL_EXTENSIONS = YES;
				CLANG_ANALYZER_NONNULL = YES;
				CLANG_ANALYZER_NUMBER_OBJECT_CONVERSION = YES_AGGRESSIVE;
				CLANG_CXX_LANGUAGE_STANDARD = "gnu++20";
				CLANG_ENABLE_MODULES = YES;
				CLANG_ENABLE_OBJC_ARC = YES;
				CLANG_ENABLE_OBJC_WEAK = YES;
				CLANG_WARN_BLOCK_CAPTURE_AUTORELEASING = YES;
				CLANG_WARN_BOOL_CONVERSION = YES;
				CLANG_WARN_COMMA = YES;
				CLANG_WARN_CONSTANT_CONVERSION = YES;
				CLANG_WARN_DEPRECATED_OBJC_IMPLEMENTATIONS = YES;
				CLANG_WARN_DIRECT_OBJC_ISA_USAGE = YES_ERROR;
				CLANG_WARN_DOCUMENTATION_COMMENTS = YES;
				CLANG_WARN_EMPTY_BODY = YES;
				CLANG_WARN_ENUM_CONVERSION = YES;
				CLANG_WARN_INFINITE_RECURSION = YES;
				CLANG_WARN_INT_CONVERSION = YES;
				CLANG_WARN_NON_LITERAL_NULL_CONVERSION = YES;
				CLANG_WARN_OBJC_IMPLICIT_RETAIN_SELF = YES;
				CLANG_WARN_OBJC_LITERAL_CONVERSION = YES;
				CLANG_WARN_OBJC_ROOT_CLASS = YES_ERROR;
				CLANG_WARN_QUOTED_INCLUDE_IN_FRAMEWORK_HEADER = YES;
				CLANG_WARN_RANGE_LOOP_ANALYSIS = YES;
				CLANG_WARN_STRICT_PROTOTYPES = YES;
				CLANG_WARN_SUSPICIOUS_MOVE = YES;
				CLANG_WARN_UNGUARDED_AVAILABILITY = YES_AGGRESSIVE;
				CLANG_WARN_UNREACHABLE_CODE = YES;
				CLANG_WARN__DUPLICATE_METHOD_MATCH = YES;
				COPY_PHASE_STRIP = NO;
				DEBUG_INFORMATION_FORMAT = dwarf;
				ENABLE_STRICT_OBJC_MSGSEND = YES;
				ENABLE_TESTABILITY = YES;
				ENABLE_USER_SCRIPT_SANDBOXING = YES;
				GCC_C_LANGUAGE_STANDARD = gnu17;
				GCC_DYNAMIC_NO_PIC = NO;
				GCC_NO_COMMON_BLOCKS = YES;
				GCC_OPTIMIZATION_LEVEL = 0;
				GCC_PREPROCESSOR_DEFINITIONS = (
					"DEBUG=1",
					"$(inherited)",
				);
				GCC_WARN_64_TO_32_BIT_CONVERSION = YES;
				GCC_WARN_ABOUT_RETURN_TYPE = YES_ERROR;
				GCC_WARN_UNDECLARED_SELECTOR = YES;
				GCC_WARN_UNINITIALIZED_AUTOS = YES_AGGRESSIVE;
				GCC_WARN_UNUSED_FUNCTION = YES;
				GCC_WARN_UNUSED_VARIABLE = YES;
				IPHONEOS_DEPLOYMENT_TARGET = 17.4;
				LOCALIZATION_PREFERS_STRING_CATALOGS = YES;
				MTL_ENABLE_DEBUG_INFO = INCLUDE_SOURCE;
				MTL_FAST_MATH = YES;
				ONLY_ACTIVE_ARCH = YES;
				SDKROOT = iphoneos;
				SWIFT_ACTIVE_COMPILATION_CONDITIONS = "DEBUG $(inherited)";
				SWIFT_OPTIMIZATION_LEVEL = "-Onone";
			};
			name = Debug;
		};
		4197AEA42C9AEB2600C34410 /* Release */ = {
			isa = XCBuildConfiguration;
			buildSettings = {
				ALWAYS_SEARCH_USER_PATHS = NO;
				ASSETCATALOG_COMPILER_GENERATE_SWIFT_ASSET_SYMBOL_EXTENSIONS = YES;
				CLANG_ANALYZER_NONNULL = YES;
				CLANG_ANALYZER_NUMBER_OBJECT_CONVERSION = YES_AGGRESSIVE;
				CLANG_CXX_LANGUAGE_STANDARD = "gnu++20";
				CLANG_ENABLE_MODULES = YES;
				CLANG_ENABLE_OBJC_ARC = YES;
				CLANG_ENABLE_OBJC_WEAK = YES;
				CLANG_WARN_BLOCK_CAPTURE_AUTORELEASING = YES;
				CLANG_WARN_BOOL_CONVERSION = YES;
				CLANG_WARN_COMMA = YES;
				CLANG_WARN_CONSTANT_CONVERSION = YES;
				CLANG_WARN_DEPRECATED_OBJC_IMPLEMENTATIONS = YES;
				CLANG_WARN_DIRECT_OBJC_ISA_USAGE = YES_ERROR;
				CLANG_WARN_DOCUMENTATION_COMMENTS = YES;
				CLANG_WARN_EMPTY_BODY = YES;
				CLANG_WARN_ENUM_CONVERSION = YES;
				CLANG_WARN_INFINITE_RECURSION = YES;
				CLANG_WARN_INT_CONVERSION = YES;
				CLANG_WARN_NON_LITERAL_NULL_CONVERSION = YES;
				CLANG_WARN_OBJC_IMPLICIT_RETAIN_SELF = YES;
				CLANG_WARN_OBJC_LITERAL_CONVERSION = YES;
				CLANG_WARN_OBJC_ROOT_CLASS = YES_ERROR;
				CLANG_WARN_QUOTED_INCLUDE_IN_FRAMEWORK_HEADER = YES;
				CLANG_WARN_RANGE_LOOP_ANALYSIS = YES;
				CLANG_WARN_STRICT_PROTOTYPES = YES;
				CLANG_WARN_SUSPICIOUS_MOVE = YES;
				CLANG_WARN_UNGUARDED_AVAILABILITY = YES_AGGRESSIVE;
				CLANG_WARN_UNREACHABLE_CODE = YES;
				CLANG_WARN__DUPLICATE_METHOD_MATCH = YES;
				COPY_PHASE_STRIP = NO;
				DEBUG_INFORMATION_FORMAT = "dwarf-with-dsym";
				ENABLE_NS_ASSERTIONS = NO;
				ENABLE_STRICT_OBJC_MSGSEND = YES;
				ENABLE_USER_SCRIPT_SANDBOXING = YES;
				GCC_C_LANGUAGE_STANDARD = gnu17;
				GCC_NO_COMMON_BLOCKS = YES;
				GCC_WARN_64_TO_32_BIT_CONVERSION = YES;
				GCC_WARN_ABOUT_RETURN_TYPE = YES_ERROR;
				GCC_WARN_UNDECLARED_SELECTOR = YES;
				GCC_WARN_UNINITIALIZED_AUTOS = YES_AGGRESSIVE;
				GCC_WARN_UNUSED_FUNCTION = YES;
				GCC_WARN_UNUSED_VARIABLE = YES;
				IPHONEOS_DEPLOYMENT_TARGET = 17.4;
				LOCALIZATION_PREFERS_STRING_CATALOGS = YES;
				MTL_ENABLE_DEBUG_INFO = NO;
				MTL_FAST_MATH = YES;
				SDKROOT = iphoneos;
				SWIFT_COMPILATION_MODE = wholemodule;
				VALIDATE_PRODUCT = YES;
			};
			name = Release;
		};
		4197AEA62C9AEB2600C34410 /* Debug */ = {
			isa = XCBuildConfiguration;
			buildSettings = {
				ASSETCATALOG_COMPILER_APPICON_NAME = AppIcon;
				ASSETCATALOG_COMPILER_GLOBAL_ACCENT_COLOR_NAME = AccentColor;
				CODE_SIGN_STYLE = Automatic;
				CURRENT_PROJECT_VERSION = 1;
				DEVELOPMENT_TEAM = MJGB8X5Q44;
				GENERATE_INFOPLIST_FILE = YES;
				INFOPLIST_FILE = ImageFeed/Info.plist;
				INFOPLIST_KEY_UIApplicationSupportsIndirectInputEvents = YES;
				INFOPLIST_KEY_UILaunchStoryboardName = LaunchScreen;
				INFOPLIST_KEY_UIMainStoryboardFile = Main;
				INFOPLIST_KEY_UISupportedInterfaceOrientations = UIInterfaceOrientationPortrait;
				INFOPLIST_KEY_UISupportedInterfaceOrientations_iPad = "UIInterfaceOrientationLandscapeLeft UIInterfaceOrientationLandscapeRight UIInterfaceOrientationPortrait";
				IPHONEOS_DEPLOYMENT_TARGET = 13.0;
				LD_RUNPATH_SEARCH_PATHS = (
					"$(inherited)",
					"@executable_path/Frameworks",
				);
				MARKETING_VERSION = 1.0;
				PRODUCT_BUNDLE_IDENTIFIER = ru.yandex.practicum.ImageFeed;
				PRODUCT_NAME = "$(TARGET_NAME)";
				SUPPORTED_PLATFORMS = "iphoneos iphonesimulator";
				SUPPORTS_MACCATALYST = NO;
				SUPPORTS_MAC_DESIGNED_FOR_IPHONE_IPAD = NO;
				SUPPORTS_XR_DESIGNED_FOR_IPHONE_IPAD = NO;
				SWIFT_EMIT_LOC_STRINGS = YES;
				SWIFT_VERSION = 5.0;
				TARGETED_DEVICE_FAMILY = 1;
			};
			name = Debug;
		};
		4197AEA72C9AEB2600C34410 /* Release */ = {
			isa = XCBuildConfiguration;
			buildSettings = {
				ASSETCATALOG_COMPILER_APPICON_NAME = AppIcon;
				ASSETCATALOG_COMPILER_GLOBAL_ACCENT_COLOR_NAME = AccentColor;
				CODE_SIGN_STYLE = Automatic;
				CURRENT_PROJECT_VERSION = 1;
				DEVELOPMENT_TEAM = MJGB8X5Q44;
				GENERATE_INFOPLIST_FILE = YES;
				INFOPLIST_FILE = ImageFeed/Info.plist;
				INFOPLIST_KEY_UIApplicationSupportsIndirectInputEvents = YES;
				INFOPLIST_KEY_UILaunchStoryboardName = LaunchScreen;
				INFOPLIST_KEY_UIMainStoryboardFile = Main;
				INFOPLIST_KEY_UISupportedInterfaceOrientations = UIInterfaceOrientationPortrait;
				INFOPLIST_KEY_UISupportedInterfaceOrientations_iPad = "UIInterfaceOrientationLandscapeLeft UIInterfaceOrientationLandscapeRight UIInterfaceOrientationPortrait";
				IPHONEOS_DEPLOYMENT_TARGET = 13.0;
				LD_RUNPATH_SEARCH_PATHS = (
					"$(inherited)",
					"@executable_path/Frameworks",
				);
				MARKETING_VERSION = 1.0;
				PRODUCT_BUNDLE_IDENTIFIER = ru.yandex.practicum.ImageFeed;
				PRODUCT_NAME = "$(TARGET_NAME)";
				SUPPORTED_PLATFORMS = "iphoneos iphonesimulator";
				SUPPORTS_MACCATALYST = NO;
				SUPPORTS_MAC_DESIGNED_FOR_IPHONE_IPAD = NO;
				SUPPORTS_XR_DESIGNED_FOR_IPHONE_IPAD = NO;
				SWIFT_EMIT_LOC_STRINGS = YES;
				SWIFT_VERSION = 5.0;
				TARGETED_DEVICE_FAMILY = 1;
			};
			name = Release;
		};
/* End XCBuildConfiguration section */

/* Begin XCConfigurationList section */
		4197AE8C2C9AEB2400C34410 /* Build configuration list for PBXProject "ImageFeed" */ = {
			isa = XCConfigurationList;
			buildConfigurations = (
				4197AEA32C9AEB2600C34410 /* Debug */,
				4197AEA42C9AEB2600C34410 /* Release */,
			);
			defaultConfigurationIsVisible = 0;
			defaultConfigurationName = Release;
		};
		4197AEA52C9AEB2600C34410 /* Build configuration list for PBXNativeTarget "ImageFeed" */ = {
			isa = XCConfigurationList;
			buildConfigurations = (
				4197AEA62C9AEB2600C34410 /* Debug */,
				4197AEA72C9AEB2600C34410 /* Release */,
			);
			defaultConfigurationIsVisible = 0;
			defaultConfigurationName = Release;
		};
/* End XCConfigurationList section */

/* Begin XCRemoteSwiftPackageReference section */
		41B1028E2CB4CE2F00B40706 /* XCRemoteSwiftPackageReference "ProgressHUD" */ = {
			isa = XCRemoteSwiftPackageReference;
			repositoryURL = "https://github.com/relatedcode/ProgressHUD";
			requirement = {
				kind = upToNextMajorVersion;
				minimumVersion = 14.1.3;
			};
		};
/* End XCRemoteSwiftPackageReference section */

/* Begin XCSwiftPackageProductDependency section */
		41B1028F2CB4CE3000B40706 /* ProgressHUD */ = {
			isa = XCSwiftPackageProductDependency;
			package = 41B1028E2CB4CE2F00B40706 /* XCRemoteSwiftPackageReference "ProgressHUD" */;
			productName = ProgressHUD;
		};
/* End XCSwiftPackageProductDependency section */
	};
	rootObject = 4197AE892C9AEB2400C34410 /* Project object */;
}
